
Microsoft Visual Studio Solution File, Format Version 12.00
# Visual Studio Version 16
VisualStudioVersion = 16.0.32413.511
MinimumVisualStudioVersion = 10.0.40219.1
Project("{FAE04EC0-301F-11D3-BF4B-00C04F79EFBC}") = "WebPortal", "WebPortal\WebPortal.csproj", "{F142F668-248C-4EF3-968A-B601C80B7743}"
EndProject
Project("{FAE04EC0-301F-11D3-BF4B-00C04F79EFBC}") = "BS.Entities", "BS.Entities\BS.Entities.csproj", "{B2E48210-4F00-408B-AD8A-87D0F98C9478}"
EndProject
Project("{FAE04EC0-301F-11D3-BF4B-00C04F79EFBC}") = "BS.DataLayer", "BS.DataLayer\BS.DataLayer.csproj", "{57431800-1664-4E93-BA30-35E0C4799B65}"
EndProject
Project("{FAE04EC0-301F-11D3-BF4B-00C04F79EFBC}") = "BS.BusinessLayer", "BS.BusinessLayer\BS.BusinessLayer.csproj", "{D745DACA-1558-4914-A1FB-A33A1B54E77D}"
EndProject
Project("{FAE04EC0-301F-11D3-BF4B-00C04F79EFBC}") = "BS.ExceptionManager", "BS.ExceptionManager\BS.ExceptionManager.csproj", "{5C7C1EBE-9B3D-4B31-8335-903A473DAB49}"
EndProject
Global
	GlobalSection(SolutionConfigurationPlatforms) = preSolution
		Debug|Any CPU = Debug|Any CPU
		Release|Any CPU = Release|Any CPU
	EndGlobalSection
	GlobalSection(ProjectConfigurationPlatforms) = postSolution
		{F142F668-248C-4EF3-968A-B601C80B7743}.Debug|Any CPU.ActiveCfg = Debug|Any CPU
		{F142F668-248C-4EF3-968A-B601C80B7743}.Debug|Any CPU.Build.0 = Debug|Any CPU
		{F142F668-248C-4EF3-968A-B601C80B7743}.Release|Any CPU.ActiveCfg = Release|Any CPU
		{F142F668-248C-4EF3-968A-B601C80B7743}.Release|Any CPU.Build.0 = Release|Any CPU
		{B2E48210-4F00-408B-AD8A-87D0F98C9478}.Debug|Any CPU.ActiveCfg = Debug|Any CPU
		{B2E48210-4F00-408B-AD8A-87D0F98C9478}.Debug|Any CPU.Build.0 = Debug|Any CPU
		{B2E48210-4F00-408B-AD8A-87D0F98C9478}.Release|Any CPU.ActiveCfg = Release|Any CPU
		{B2E48210-4F00-408B-AD8A-87D0F98C9478}.Release|Any CPU.Build.0 = Release|Any CPU
		{57431800-1664-4E93-BA30-35E0C4799B65}.Debug|Any CPU.ActiveCfg = Debug|Any CPU
		{57431800-1664-4E93-BA30-35E0C4799B65}.Debug|Any CPU.Build.0 = Debug|Any CPU
		{57431800-1664-4E93-BA30-35E0C4799B65}.Release|Any CPU.ActiveCfg = Release|Any CPU
		{57431800-1664-4E93-BA30-35E0C4799B65}.Release|Any CPU.Build.0 = Release|Any CPU
		{D745DACA-1558-4914-A1FB-A33A1B54E77D}.Debug|Any CPU.ActiveCfg = Debug|Any CPU
		{D745DACA-1558-4914-A1FB-A33A1B54E77D}.Debug|Any CPU.Build.0 = Debug|Any CPU
		{D745DACA-1558-4914-A1FB-A33A1B54E77D}.Release|Any CPU.ActiveCfg = Release|Any CPU
		{D745DACA-1558-4914-A1FB-A33A1B54E77D}.Release|Any CPU.Build.0 = Release|Any CPU
		{5C7C1EBE-9B3D-4B31-8335-903A473DAB49}.Debug|Any CPU.ActiveCfg = Debug|Any CPU
		{5C7C1EBE-9B3D-4B31-8335-903A473DAB49}.Debug|Any CPU.Build.0 = Debug|Any CPU
		{5C7C1EBE-9B3D-4B31-8335-903A473DAB49}.Release|Any CPU.ActiveCfg = Release|Any CPU
		{5C7C1EBE-9B3D-4B31-8335-903A473DAB49}.Release|Any CPU.Build.0 = Release|Any CPU
	EndGlobalSection
	GlobalSection(SolutionProperties) = preSolution
		HideSolutionNode = FALSE
	EndGlobalSection
	GlobalSection(ExtensibilityGlobals) = postSolution
		SolutionGuid = {E16AEE9A-8F86-4D1A-A369-B5675DC765CD}
	EndGlobalSection
EndGlobal
